Microsoft Visual Studio Solution File, Format Version 12.00
# Visual Studio 2012
Project("{FAE04EC0-301F-11D3-BF4B-00C04F79EFBC}") = "LD54", "LD54.csproj", "{FA71897A-78C4-426B-885E-1D3EFE42CEF4}"
EndProject
Global
	GlobalSection(SolutionConfigurationPlatforms) = preSolution
	Debug|Any CPU = Debug|Any CPU
	ExportDebug|Any CPU = ExportDebug|Any CPU
	ExportRelease|Any CPU = ExportRelease|Any CPU
	EndGlobalSection
	GlobalSection(ProjectConfigurationPlatforms) = postSolution
		{FA71897A-78C4-426B-885E-1D3EFE42CEF4}.Debug|Any CPU.ActiveCfg = Debug|Any CPU
		{FA71897A-78C4-426B-885E-1D3EFE42CEF4}.Debug|Any CPU.Build.0 = Debug|Any CPU
		{FA71897A-78C4-426B-885E-1D3EFE42CEF4}.ExportDebug|Any CPU.ActiveCfg = ExportDebug|Any CPU
		{FA71897A-78C4-426B-885E-1D3EFE42CEF4}.ExportDebug|Any CPU.Build.0 = ExportDebug|Any CPU
		{FA71897A-78C4-426B-885E-1D3EFE42CEF4}.ExportRelease|Any CPU.ActiveCfg = ExportRelease|Any CPU
		{FA71897A-78C4-426B-885E-1D3EFE42CEF4}.ExportRelease|Any CPU.Build.0 = ExportRelease|Any CPU
	EndGlobalSection
EndGlobal
